
Microsoft Visual Studio Solution File, Format Version 12.00
# Visual Studio Version 16
VisualStudioVersion = 16.0.31105.61
MinimumVisualStudioVersion = 10.0.40219.1
Project("{9A19103F-16F7-4668-BE54-9A1E7A4F7556}") = "Escola", "Escola\Escola.csproj", "{976E9BCE-E72B-4A50-862A-50ABA00D9BC2}"
EndProject
Project("{9A19103F-16F7-4668-BE54-9A1E7A4F7556}") = "Modelo", "Modelo\Modelo.csproj", "{AE5C1112-73E5-4C7A-A729-DAFD53FAA16A}"
EndProject
Project("{2150E333-8FDC-42A3-9474-1A3956D46DE8}") = "Solution Items", "Solution Items", "{99E9F624-B50D-4800-B4D7-903C927CBC78}"
	ProjectSection(SolutionItems) = preProject
		Anotações.txt = Anotações.txt
	EndProjectSection
EndProject
Global
	GlobalSection(SolutionConfigurationPlatforms) = preSolution
		Debug|Any CPU = Debug|Any CPU
		Release|Any CPU = Release|Any CPU
	EndGlobalSection
	GlobalSection(ProjectConfigurationPlatforms) = postSolution
		{976E9BCE-E72B-4A50-862A-50ABA00D9BC2}.Debug|Any CPU.ActiveCfg = Debug|Any CPU
		{976E9BCE-E72B-4A50-862A-50ABA00D9BC2}.Debug|Any CPU.Build.0 = Debug|Any CPU
		{976E9BCE-E72B-4A50-862A-50ABA00D9BC2}.Release|Any CPU.ActiveCfg = Release|Any CPU
		{976E9BCE-E72B-4A50-862A-50ABA00D9BC2}.Release|Any CPU.Build.0 = Release|Any CPU
		{AE5C1112-73E5-4C7A-A729-DAFD53FAA16A}.Debug|Any CPU.ActiveCfg = Debug|Any CPU
		{AE5C1112-73E5-4C7A-A729-DAFD53FAA16A}.Debug|Any CPU.Build.0 = Debug|Any CPU
		{AE5C1112-73E5-4C7A-A729-DAFD53FAA16A}.Release|Any CPU.ActiveCfg = Release|Any CPU
		{AE5C1112-73E5-4C7A-A729-DAFD53FAA16A}.Release|Any CPU.Build.0 = Release|Any CPU
	EndGlobalSection
	GlobalSection(SolutionProperties) = preSolution
		HideSolutionNode = FALSE
	EndGlobalSection
	GlobalSection(ExtensibilityGlobals) = postSolution
		SolutionGuid = {02498F75-A4F2-4F68-BAAD-04BD11B6FAFF}
	EndGlobalSection
EndGlobal
